
Microsoft Visual Studio Solution File, Format Version 12.00
Project("{FAE04EC0-301F-11D3-BF4B-00C04F79EFBC}") = "Medical-Appointments", "Medical-Appointments\Medical-Appointments.csproj", "{BEF93145-FA62-4F24-8FE7-1F276D804243}"
EndProject
Global
	GlobalSection(SolutionConfigurationPlatforms) = preSolution
		Debug|Any CPU = Debug|Any CPU
		Release|Any CPU = Release|Any CPU
	EndGlobalSection
	GlobalSection(ProjectConfigurationPlatforms) = postSolution
		{BEF93145-FA62-4F24-8FE7-1F276D804243}.Debug|Any CPU.ActiveCfg = Debug|Any CPU
		{BEF93145-FA62-4F24-8FE7-1F276D804243}.Debug|Any CPU.Build.0 = Debug|Any CPU
		{BEF93145-FA62-4F24-8FE7-1F276D804243}.Release|Any CPU.ActiveCfg = Release|Any CPU
		{BEF93145-FA62-4F24-8FE7-1F276D804243}.Release|Any CPU.Build.0 = Release|Any CPU
	EndGlobalSection
EndGlobal
